
Microsoft Visual Studio Solution File, Format Version 12.00
# Visual Studio Version 17
VisualStudioVersion = 17.7.34009.444
MinimumVisualStudioVersion = 10.0.40219.1
Project("{9A19103F-16F7-4668-BE54-9A1E7A4F7556}") = "Abstract.Classes", "Abstract.Classes\Abstract.Classes.csproj", "{5B826D3B-6705-4AFF-BC88-D1131937C090}"
EndProject
Project("{FAE04EC0-301F-11D3-BF4B-00C04F79EFBC}") = "Abstract.Classes.Library", "Abstract.Classes.Library\Abstract.Classes.Library.csproj", "{BED01935-71D2-4533-894E-C023E4151065}"
EndProject
Global
	GlobalSection(SolutionConfigurationPlatforms) = preSolution
		Debug|Any CPU = Debug|Any CPU
		Release|Any CPU = Release|Any CPU
	EndGlobalSection
	GlobalSection(ProjectConfigurationPlatforms) = postSolution
		{5B826D3B-6705-4AFF-BC88-D1131937C090}.Debug|Any CPU.ActiveCfg = Debug|Any CPU
		{5B826D3B-6705-4AFF-BC88-D1131937C090}.Debug|Any CPU.Build.0 = Debug|Any CPU
		{5B826D3B-6705-4AFF-BC88-D1131937C090}.Release|Any CPU.ActiveCfg = Release|Any CPU
		{5B826D3B-6705-4AFF-BC88-D1131937C090}.Release|Any CPU.Build.0 = Release|Any CPU
		{BED01935-71D2-4533-894E-C023E4151065}.Debug|Any CPU.ActiveCfg = Debug|Any CPU
		{BED01935-71D2-4533-894E-C023E4151065}.Debug|Any CPU.Build.0 = Debug|Any CPU
		{BED01935-71D2-4533-894E-C023E4151065}.Release|Any CPU.ActiveCfg = Release|Any CPU
		{BED01935-71D2-4533-894E-C023E4151065}.Release|Any CPU.Build.0 = Release|Any CPU
	EndGlobalSection
	GlobalSection(SolutionProperties) = preSolution
		HideSolutionNode = FALSE
	EndGlobalSection
	GlobalSection(ExtensibilityGlobals) = postSolution
		SolutionGuid = {AF404E47-F73D-406F-84C1-E9EAD8E01EDD}
	EndGlobalSection
EndGlobal
