
Microsoft Visual Studio Solution File, Format Version 12.00
# Visual Studio Version 17
VisualStudioVersion = 17.7.34009.444
MinimumVisualStudioVersion = 10.0.40219.1
Project("{FAE04EC0-301F-11D3-BF4B-00C04F79EFBC}") = "Class.06.Excercise01", "Class.06.Excercise01\Class.06.Excercise01.csproj", "{19FF9AB7-43CE-4FC8-88CF-066E20EFE671}"
EndProject
Project("{2150E333-8FDC-42A3-9474-1A3956D46DE8}") = "Enums", "Enums", "{89115171-20E2-4E6A-AC7C-A91DDA2873A8}"
EndProject
Project("{2150E333-8FDC-42A3-9474-1A3956D46DE8}") = "Models", "Models", "{0CDC4273-829F-49CA-BCEE-FDEEAF71404E}"
EndProject
Global
	GlobalSection(SolutionConfigurationPlatforms) = preSolution
		Debug|Any CPU = Debug|Any CPU
		Release|Any CPU = Release|Any CPU
	EndGlobalSection
	GlobalSection(ProjectConfigurationPlatforms) = postSolution
		{19FF9AB7-43CE-4FC8-88CF-066E20EFE671}.Debug|Any CPU.ActiveCfg = Debug|Any CPU
		{19FF9AB7-43CE-4FC8-88CF-066E20EFE671}.Debug|Any CPU.Build.0 = Debug|Any CPU
		{19FF9AB7-43CE-4FC8-88CF-066E20EFE671}.Release|Any CPU.ActiveCfg = Release|Any CPU
		{19FF9AB7-43CE-4FC8-88CF-066E20EFE671}.Release|Any CPU.Build.0 = Release|Any CPU
	EndGlobalSection
	GlobalSection(SolutionProperties) = preSolution
		HideSolutionNode = FALSE
	EndGlobalSection
	GlobalSection(ExtensibilityGlobals) = postSolution
		SolutionGuid = {7FE90B3E-4231-4B34-B055-11F1C9BAB523}
	EndGlobalSection
EndGlobal
